
Microsoft Visual Studio Solution File, Format Version 12.00
# Visual Studio Version 17
VisualStudioVersion = 17.8.34330.188
MinimumVisualStudioVersion = 10.0.40219.1
Project("{FAE04EC0-301F-11D3-BF4B-00C04F79EFBC}") = "MatrixMultiplicationExample", "MatrixMultiplicationExample\MatrixMultiplicationExample.csproj", "{AE329E93-FF42-42A4-BAF3-F438DE5D64DA}"
EndProject
Global
	GlobalSection(SolutionConfigurationPlatforms) = preSolution
		Debug|Any CPU = Debug|Any CPU
		Release|Any CPU = Release|Any CPU
	EndGlobalSection
	GlobalSection(ProjectConfigurationPlatforms) = postSolution
		{AE329E93-FF42-42A4-BAF3-F438DE5D64DA}.Debug|Any CPU.ActiveCfg = Debug|Any CPU
		{AE329E93-FF42-42A4-BAF3-F438DE5D64DA}.Debug|Any CPU.Build.0 = Debug|Any CPU
		{AE329E93-FF42-42A4-BAF3-F438DE5D64DA}.Release|Any CPU.ActiveCfg = Release|Any CPU
		{AE329E93-FF42-42A4-BAF3-F438DE5D64DA}.Release|Any CPU.Build.0 = Release|Any CPU
	EndGlobalSection
	GlobalSection(SolutionProperties) = preSolution
		HideSolutionNode = FALSE
	EndGlobalSection
	GlobalSection(ExtensibilityGlobals) = postSolution
		SolutionGuid = {4C0739B7-8A2F-4A9A-8613-8CD46A2E85BA}
	EndGlobalSection
EndGlobal
